// !$*UTF8*$!
{
	archiveVersion = 1;
	classes = {
	};
	objectVersion = 50;
	objects = {

/* Begin PBXBuildFile section */
		404EA62122005C48006C3FA7 /* AppDelegate.swift in Sources */ = {isa = PBXBuildFile; fileRef = 404EA62022005C48006C3FA7 /* AppDelegate.swift */; };
		404EA62322005C48006C3FA7 /* ViewController.swift in Sources */ = {isa = PBXBuildFile; fileRef = 404EA62222005C48006C3FA7 /* ViewController.swift */; };
		404EA62622005C48006C3FA7 /* Main.storyboard in Resources */ = {isa = PBXBuildFile; fileRef = 404EA62422005C48006C3FA7 /* Main.storyboard */; };
		404EA62822005C49006C3FA7 /* Assets.xcassets in Resources */ = {isa = PBXBuildFile; fileRef = 404EA62722005C49006C3FA7 /* Assets.xcassets */; };
		404EA62B22005C49006C3FA7 /* LaunchScreen.storyboard in Resources */ = {isa = PBXBuildFile; fileRef = 404EA62922005C49006C3FA7 /* LaunchScreen.storyboard */; };
		404EA63622005C49006C3FA7 /* SampleFirebaseTests.swift in Sources */ = {isa = PBXBuildFile; fileRef = 404EA63522005C49006C3FA7 /* SampleFirebaseTests.swift */; };
		404EA64122005C49006C3FA7 /* SampleFirebaseUITests.swift in Sources */ = {isa = PBXBuildFile; fileRef = 404EA64022005C49006C3FA7 /* SampleFirebaseUITests.swift */; };
/* End PBXBuildFile section */

/* Begin PBXContainerItemProxy section */
		404EA63222005C49006C3FA7 /* PBXContainerItemProxy */ = {
			isa = PBXContainerItemProxy;
			containerPortal = 404EA61522005C48006C3FA7 /* Project object */;
			proxyType = 1;
			remoteGlobalIDString = 404EA61C22005C48006C3FA7;
			remoteInfo = SampleFirebase;
		};
		404EA63D22005C49006C3FA7 /* PBXContainerItemProxy */ = {
			isa = PBXContainerItemProxy;
			containerPortal = 404EA61522005C48006C3FA7 /* Project object */;
			proxyType = 1;
			remoteGlobalIDString = 404EA61C22005C48006C3FA7;
			remoteInfo = SampleFirebase;
		};
/* End PBXContainerItemProxy section */

/* Begin PBXFileReference section */
		404EA61D22005C48006C3FA7 /* SampleFirebase.app */ = {isa = PBXFileReference; explicitFileType = wrapper.application; includeInIndex = 0; path = SampleFirebase.app; sourceTree = BUILT_PRODUCTS_DIR; };
		404EA62022005C48006C3FA7 /* AppDelegate.swift */ = {isa = PBXFileReference; lastKnownFileType = sourcecode.swift; path = AppDelegate.swift; sourceTree = "<group>"; };
		404EA62222005C48006C3FA7 /* ViewController.swift */ = {isa = PBXFileReference; lastKnownFileType = sourcecode.swift; path = ViewController.swift; sourceTree = "<group>"; };
		404EA62522005C48006C3FA7 /* Base */ = {isa = PBXFileReference; lastKnownFileType = file.storyboard; name = Base; path = Base.lproj/Main.storyboard; sourceTree = "<group>"; };
		404EA62722005C49006C3FA7 /* Assets.xcassets */ = {isa = PBXFileReference; lastKnownFileType = folder.assetcatalog; path = Assets.xcassets; sourceTree = "<group>"; };
		404EA62A22005C49006C3FA7 /* Base */ = {isa = PBXFileReference; lastKnownFileType = file.storyboard; name = Base; path = Base.lproj/LaunchScreen.storyboard; sourceTree = "<group>"; };
		404EA62C22005C49006C3FA7 /* Info.plist */ = {isa = PBXFileReference; lastKnownFileType = text.plist.xml; path = Info.plist; sourceTree = "<group>"; };
		404EA63122005C49006C3FA7 /* SampleFirebaseTests.xctest */ = {isa = PBXFileReference; explicitFileType = wrapper.cfbundle; includeInIndex = 0; path = SampleFirebaseTests.xctest; sourceTree = BUILT_PRODUCTS_DIR; };
		404EA63522005C49006C3FA7 /* SampleFirebaseTests.swift */ = {isa = PBXFileReference; lastKnownFileType = sourcecode.swift; path = SampleFirebaseTests.swift; sourceTree = "<group>"; };
		404EA63722005C49006C3FA7 /* Info.plist */ = {isa = PBXFileReference; lastKnownFileType = text.plist.xml; path = Info.plist; sourceTree = "<group>"; };
		404EA63C22005C49006C3FA7 /* SampleFirebaseUITests.xctest */ = {isa = PBXFileReference; explicitFileType = wrapper.cfbundle; includeInIndex = 0; path = SampleFirebaseUITests.xctest; sourceTree = BUILT_PRODUCTS_DIR; };
		404EA64022005C49006C3FA7 /* SampleFirebaseUITests.swift */ = {isa = PBXFileReference; lastKnownFileType = sourcecode.swift; path = SampleFirebaseUITests.swift; sourceTree = "<group>"; };
		404EA64222005C49006C3FA7 /* Info.plist */ = {isa = PBXFileReference; lastKnownFileType = text.plist.xml; path = Info.plist; sourceTree = "<group>"; };
/* End PBXFileReference section */

/* Begin PBXFrameworksBuildPhase section */
		404EA61A22005C48006C3FA7 /* Frameworks */ = {
			isa = PBXFrameworksBuildPhase;
			buildActionMask = 2147483647;
			files = (
			);
			runOnlyForDeploymentPostprocessing = 0;
		};
		404EA62E22005C49006C3FA7 /* Frameworks */ = {
			isa = PBXFrameworksBuildPhase;
			buildActionMask = 2147483647;
			files = (
			);
			runOnlyForDeploymentPostprocessing = 0;
		};
		404EA63922005C49006C3FA7 /* Frameworks */ = {
			isa = PBXFrameworksBuildPhase;
			buildActionMask = 2147483647;
			files = (
			);
			runOnlyForDeploymentPostprocessing = 0;
		};
/* End PBXFrameworksBuildPhase section */

/* Begin PBXGroup section */
		404EA61422005C48006C3FA7 = {
			isa = PBXGroup;
			children = (
				404EA61F22005C48006C3FA7 /* SampleFirebase */,
				404EA63422005C49006C3FA7 /* SampleFirebaseTests */,
				404EA63F22005C49006C3FA7 /* SampleFirebaseUITests */,
				404EA61E22005C48006C3FA7 /* Products */,
			);
			sourceTree = "<group>";
		};
		404EA61E22005C48006C3FA7 /* Products */ = {
			isa = PBXGroup;
			children = (
				404EA61D22005C48006C3FA7 /* SampleFirebase.app */,
				404EA63122005C49006C3FA7 /* SampleFirebaseTests.xctest */,
				404EA63C22005C49006C3FA7 /* SampleFirebaseUITests.xctest */,
			);
			name = Products;
			sourceTree = "<group>";
		};
		404EA61F22005C48006C3FA7 /* SampleFirebase */ = {
			isa = PBXGroup;
			children = (
				404EA62022005C48006C3FA7 /* AppDelegate.swift */,
				404EA62222005C48006C3FA7 /* ViewController.swift */,
				404EA62422005C48006C3FA7 /* Main.storyboard */,
				404EA62722005C49006C3FA7 /* Assets.xcassets */,
				404EA62922005C49006C3FA7 /* LaunchScreen.storyboard */,
				404EA62C22005C49006C3FA7 /* Info.plist */,
			);
			path = SampleFirebase;
			sourceTree = "<group>";
		};
		404EA63422005C49006C3FA7 /* SampleFirebaseTests */ = {
			isa = PBXGroup;
			children = (
				404EA63522005C49006C3FA7 /* SampleFirebaseTests.swift */,
				404EA63722005C49006C3FA7 /* Info.plist */,
			);
			path = SampleFirebaseTests;
			sourceTree = "<group>";
		};
		404EA63F22005C49006C3FA7 /* SampleFirebaseUITests */ = {
			isa = PBXGroup;
			children = (
				404EA64022005C49006C3FA7 /* SampleFirebaseUITests.swift */,
				404EA64222005C49006C3FA7 /* Info.plist */,
			);
			path = SampleFirebaseUITests;
			sourceTree = "<group>";
		};
/* End PBXGroup section */

/* Begin PBXNativeTarget section */
		404EA61C22005C48006C3FA7 /* SampleFirebase */ = {
			isa = PBXNativeTarget;
			buildConfigurationList = 404EA64522005C49006C3FA7 /* Build configuration list for PBXNativeTarget "SampleFirebase" */;
			buildPhases = (
				404EA61922005C48006C3FA7 /* Sources */,
				404EA61A22005C48006C3FA7 /* Frameworks */,
				404EA61B22005C48006C3FA7 /* Resources */,
			);
			buildRules = (
			);
			dependencies = (
			);
			name = SampleFirebase;
			productName = SampleFirebase;
			productReference = 404EA61D22005C48006C3FA7 /* SampleFirebase.app */;
			productType = "com.apple.product-type.application";
		};
		404EA63022005C49006C3FA7 /* SampleFirebaseTests */ = {
			isa = PBXNativeTarget;
			buildConfigurationList = 404EA64822005C49006C3FA7 /* Build configuration list for PBXNativeTarget "SampleFirebaseTests" */;
			buildPhases = (
				404EA62D22005C49006C3FA7 /* Sources */,
				404EA62E22005C49006C3FA7 /* Frameworks */,
				404EA62F22005C49006C3FA7 /* Resources */,
			);
			buildRules = (
			);
			dependencies = (
				404EA63322005C49006C3FA7 /* PBXTargetDependency */,
			);
			name = SampleFirebaseTests;
			productName = SampleFirebaseTests;
			productReference = 404EA63122005C49006C3FA7 /* SampleFirebaseTests.xctest */;
			productType = "com.apple.product-type.bundle.unit-test";
		};
		404EA63B22005C49006C3FA7 /* SampleFirebaseUITests */ = {
			isa = PBXNativeTarget;
			buildConfigurationList = 404EA64B22005C49006C3FA7 /* Build configuration list for PBXNativeTarget "SampleFirebaseUITests" */;
			buildPhases = (
				404EA63822005C49006C3FA7 /* Sources */,
				404EA63922005C49006C3FA7 /* Frameworks */,
				404EA63A22005C49006C3FA7 /* Resources */,
			);
			buildRules = (
			);
			dependencies = (
				404EA63E22005C49006C3FA7 /* PBXTargetDependency */,
			);
			name = SampleFirebaseUITests;
			productName = SampleFirebaseUITests;
			productReference = 404EA63C22005C49006C3FA7 /* SampleFirebaseUITests.xctest */;
			productType = "com.apple.product-type.bundle.ui-testing";
		};
/* End PBXNativeTarget section */

/* Begin PBXProject section */
		404EA61522005C48006C3FA7 /* Project object */ = {
			isa = PBXProject;
			attributes = {
				LastSwiftUpdateCheck = 1010;
				LastUpgradeCheck = 1010;
				ORGANIZATIONNAME = "原田摩利奈";
				TargetAttributes = {
					404EA61C22005C48006C3FA7 = {
						CreatedOnToolsVersion = 10.1;
					};
					404EA63022005C49006C3FA7 = {
						CreatedOnToolsVersion = 10.1;
						TestTargetID = 404EA61C22005C48006C3FA7;
					};
					404EA63B22005C49006C3FA7 = {
						CreatedOnToolsVersion = 10.1;
						TestTargetID = 404EA61C22005C48006C3FA7;
					};
				};
			};
			buildConfigurationList = 404EA61822005C48006C3FA7 /* Build configuration list for PBXProject "SampleFirebase" */;
			compatibilityVersion = "Xcode 9.3";
			developmentRegion = en;
			hasScannedForEncodings = 0;
			knownRegions = (
				en,
				Base,
			);
			mainGroup = 404EA61422005C48006C3FA7;
			productRefGroup = 404EA61E22005C48006C3FA7 /* Products */;
			projectDirPath = "";
			projectRoot = "";
			targets = (
				404EA61C22005C48006C3FA7 /* SampleFirebase */,
				404EA63022005C49006C3FA7 /* SampleFirebaseTests */,
				404EA63B22005C49006C3FA7 /* SampleFirebaseUITests */,
			);
		};
/* End PBXProject section */

/* Begin PBXResourcesBuildPhase section */
		404EA61B22005C48006C3FA7 /* Resources */ = {
			isa = PBXResourcesBuildPhase;
			buildActionMask = 2147483647;
			files = (
				404EA62B22005C49006C3FA7 /* LaunchScreen.storyboard in Resources */,
				404EA62822005C49006C3FA7 /* Assets.xcassets in Resources */,
				404EA62622005C48006C3FA7 /* Main.storyboard in Resources */,
			);
			runOnlyForDeploymentPostprocessing = 0;
		};
		404EA62F22005C49006C3FA7 /* Resources */ = {
			isa = PBXResourcesBuildPhase;
			buildActionMask = 2147483647;
			files = (
			);
			runOnlyForDeploymentPostprocessing = 0;
		};
		404EA63A22005C49006C3FA7 /* Resources */ = {
			isa = PBXResourcesBuildPhase;
			buildActionMask = 2147483647;
			files = (
			);
			runOnlyForDeploymentPostprocessing = 0;
		};
/* End PBXResourcesBuildPhase section */

/* Begin PBXSourcesBuildPhase section */
		404EA61922005C48006C3FA7 /* Sources */ = {
			isa = PBXSourcesBuildPhase;
			buildActionMask = 2147483647;
			files = (
				404EA62322005C48006C3FA7 /* ViewController.swift in Sources */,
				404EA62122005C48006C3FA7 /* AppDelegate.swift in Sources */,
			);
			runOnlyForDeploymentPostprocessing = 0;
		};
		404EA62D22005C49006C3FA7 /* Sources */ = {
			isa = PBXSourcesBuildPhase;
			buildActionMask = 2147483647;
			files = (
				404EA63622005C49006C3FA7 /* SampleFirebaseTests.swift in Sources */,
			);
			runOnlyForDeploymentPostprocessing = 0;
		};
		404EA63822005C49006C3FA7 /* Sources */ = {
			isa = PBXSourcesBuildPhase;
			buildActionMask = 2147483647;
			files = (
				404EA64122005C49006C3FA7 /* SampleFirebaseUITests.swift in Sources */,
			);
			runOnlyForDeploymentPostprocessing = 0;
		};
/* End PBXSourcesBuildPhase section */

/* Begin PBXTargetDependency section */
		404EA63322005C49006C3FA7 /* PBXTargetDependency */ = {
			isa = PBXTargetDependency;
			target = 404EA61C22005C48006C3FA7 /* SampleFirebase */;
			targetProxy = 404EA63222005C49006C3FA7 /* PBXContainerItemProxy */;
		};
		404EA63E22005C49006C3FA7 /* PBXTargetDependency */ = {
			isa = PBXTargetDependency;
			target = 404EA61C22005C48006C3FA7 /* SampleFirebase */;
			targetProxy = 404EA63D22005C49006C3FA7 /* PBXContainerItemProxy */;
		};
/* End PBXTargetDependency section */

/* Begin PBXVariantGroup section */
		404EA62422005C48006C3FA7 /* Main.storyboard */ = {
			isa = PBXVariantGroup;
			children = (
				404EA62522005C48006C3FA7 /* Base */,
			);
			name = Main.storyboard;
			sourceTree = "<group>";
		};
		404EA62922005C49006C3FA7 /* LaunchScreen.storyboard */ = {
			isa = PBXVariantGroup;
			children = (
				404EA62A22005C49006C3FA7 /* Base */,
			);
			name = LaunchScreen.storyboard;
			sourceTree = "<group>";
		};
/* End PBXVariantGroup section */

/* Begin XCBuildConfiguration section */
		404EA64322005C49006C3FA7 /* Debug */ = {
			isa = XCBuildConfiguration;
			buildSettings = {
				ALWAYS_SEARCH_USER_PATHS = NO;
				CLANG_ANALYZER_NONNULL = YES;
				CLANG_ANALYZER_NUMBER_OBJECT_CONVERSION = YES_AGGRESSIVE;
				CLANG_CXX_LANGUAGE_STANDARD = "gnu++14";
				CLANG_CXX_LIBRARY = "libc++";
				CLANG_ENABLE_MODULES = YES;
				CLANG_ENABLE_OBJC_ARC = YES;
				CLANG_ENABLE_OBJC_WEAK = YES;
				CLANG_WARN_BLOCK_CAPTURE_AUTORELEASING = YES;
				CLANG_WARN_BOOL_CONVERSION = YES;
				CLANG_WARN_COMMA = YES;
				CLANG_WARN_CONSTANT_CONVERSION = YES;
				CLANG_WARN_DEPRECATED_OBJC_IMPLEMENTATIONS = YES;
				CLANG_WARN_DIRECT_OBJC_ISA_USAGE = YES_ERROR;
				CLANG_WARN_DOCUMENTATION_COMMENTS = YES;
				CLANG_WARN_EMPTY_BODY = YES;
				CLANG_WARN_ENUM_CONVERSION = YES;
				CLANG_WARN_INFINITE_RECURSION = YES;
				CLANG_WARN_INT_CONVERSION = YES;
				CLANG_WARN_NON_LITERAL_NULL_CONVERSION = YES;
				CLANG_WARN_OBJC_IMPLICIT_RETAIN_SELF = YES;
				CLANG_WARN_OBJC_LITERAL_CONVERSION = YES;
				CLANG_WARN_OBJC_ROOT_CLASS = YES_ERROR;
				CLANG_WARN_RANGE_LOOP_ANALYSIS = YES;
				CLANG_WARN_STRICT_PROTOTYPES = YES;
				CLANG_WARN_SUSPICIOUS_MOVE = YES;
				CLANG_WARN_UNGUARDED_AVAILABILITY = YES_AGGRESSIVE;
				CLANG_WARN_UNREACHABLE_CODE = YES;
				CLANG_WARN__DUPLICATE_METHOD_MATCH = YES;
				CODE_SIGN_IDENTITY = "iPhone Developer";
				COPY_PHASE_STRIP = NO;
				DEBUG_INFORMATION_FORMAT = dwarf;
				ENABLE_STRICT_OBJC_MSGSEND = YES;
				ENABLE_TESTABILITY = YES;
				GCC_C_LANGUAGE_STANDARD = gnu11;
				GCC_DYNAMIC_NO_PIC = NO;
				GCC_NO_COMMON_BLOCKS = YES;
				GCC_OPTIMIZATION_LEVEL = 0;
				GCC_PREPROCESSOR_DEFINITIONS = (
					"DEBUG=1",
					"$(inherited)",
				);
				GCC_WARN_64_TO_32_BIT_CONVERSION = YES;
				GCC_WARN_ABOUT_RETURN_TYPE = YES_ERROR;
				GCC_WARN_UNDECLARED_SELECTOR = YES;
				GCC_WARN_UNINITIALIZED_AUTOS = YES_AGGRESSIVE;
				GCC_WARN_UNUSED_FUNCTION = YES;
				GCC_WARN_UNUSED_VARIABLE = YES;
				IPHONEOS_DEPLOYMENT_TARGET = 12.1;
				MTL_ENABLE_DEBUG_INFO = INCLUDE_SOURCE;
				MTL_FAST_MATH = YES;
				ONLY_ACTIVE_ARCH = YES;
				SDKROOT = iphoneos;
				SWIFT_ACTIVE_COMPILATION_CONDITIONS = DEBUG;
				SWIFT_OPTIMIZATION_LEVEL = "-Onone";
			};
			name = Debug;
		};
		404EA64422005C49006C3FA7 /* Release */ = {
			isa = XCBuildConfiguration;
			buildSettings = {
				ALWAYS_SEARCH_USER_PATHS = NO;
				CLANG_ANALYZER_NONNULL = YES;
				CLANG_ANALYZER_NUMBER_OBJECT_CONVERSION = YES_AGGRESSIVE;
				CLANG_CXX_LANGUAGE_STANDARD = "gnu++14";
				CLANG_CXX_LIBRARY = "libc++";
				CLANG_ENABLE_MODULES = YES;
				CLANG_ENABLE_OBJC_ARC = YES;
				CLANG_ENABLE_OBJC_WEAK = YES;
				CLANG_WARN_BLOCK_CAPTURE_AUTORELEASING = YES;
				CLANG_WARN_BOOL_CONVERSION = YES;
				CLANG_WARN_COMMA = YES;
				CLANG_WARN_CONSTANT_CONVERSION = YES;
				CLANG_WARN_DEPRECATED_OBJC_IMPLEMENTATIONS = YES;
				CLANG_WARN_DIRECT_OBJC_ISA_USAGE = YES_ERROR;
				CLANG_WARN_DOCUMENTATION_COMMENTS = YES;
				CLANG_WARN_EMPTY_BODY = YES;
				CLANG_WARN_ENUM_CONVERSION = YES;
				CLANG_WARN_INFINITE_RECURSION = YES;
				CLANG_WARN_INT_CONVERSION = YES;
				CLANG_WARN_NON_LITERAL_NULL_CONVERSION = YES;
				CLANG_WARN_OBJC_IMPLICIT_RETAIN_SELF = YES;
				CLANG_WARN_OBJC_LITERAL_CONVERSION = YES;
				CLANG_WARN_OBJC_ROOT_CLASS = YES_ERROR;
				CLANG_WARN_RANGE_LOOP_ANALYSIS = YES;
				CLANG_WARN_STRICT_PROTOTYPES = YES;
				CLANG_WARN_SUSPICIOUS_MOVE = YES;
				CLANG_WARN_UNGUARDED_AVAILABILITY = YES_AGGRESSIVE;
				CLANG_WARN_UNREACHABLE_CODE = YES;
				CLANG_WARN__DUPLICATE_METHOD_MATCH = YES;
				CODE_SIGN_IDENTITY = "iPhone Developer";
				COPY_PHASE_STRIP = NO;
				DEBUG_INFORMATION_FORMAT = "dwarf-with-dsym";
				ENABLE_NS_ASSERTIONS = NO;
				ENABLE_STRICT_OBJC_MSGSEND = YES;
				GCC_C_LANGUAGE_STANDARD = gnu11;
				GCC_NO_COMMON_BLOCKS = YES;
				GCC_WARN_64_TO_32_BIT_CONVERSION = YES;
				GCC_WARN_ABOUT_RETURN_TYPE = YES_ERROR;
				GCC_WARN_UNDECLARED_SELECTOR = YES;
				GCC_WARN_UNINITIALIZED_AUTOS = YES_AGGRESSIVE;
				GCC_WARN_UNUSED_FUNCTION = YES;
				GCC_WARN_UNUSED_VARIABLE = YES;
				IPHONEOS_DEPLOYMENT_TARGET = 12.1;
				MTL_ENABLE_DEBUG_INFO = NO;
				MTL_FAST_MATH = YES;
				SDKROOT = iphoneos;
				SWIFT_COMPILATION_MODE = wholemodule;
				SWIFT_OPTIMIZATION_LEVEL = "-O";
				VALIDATE_PRODUCT = YES;
			};
			name = Release;
		};
		404EA64622005C49006C3FA7 /* Debug */ = {
			isa = XCBuildConfiguration;
			buildSettings = {
				ASSETCATALOG_COMPILER_APPICON_NAME = AppIcon;
				CODE_SIGN_STYLE = Automatic;
				INFOPLIST_FILE = SampleFirebase/Info.plist;
				LD_RUNPATH_SEARCH_PATHS = (
					"$(inherited)",
					"@executable_path/Frameworks",
				);
				PRODUCT_BUNDLE_IDENTIFIER = marina.SampleFirebase;
				PRODUCT_NAME = "$(TARGET_NAME)";
				SWIFT_VERSION = 4.2;
				TARGETED_DEVICE_FAMILY = "1,2";
			};
			name = Debug;
		};
		404EA64722005C49006C3FA7 /* Release */ = {
			isa = XCBuildConfiguration;
			buildSettings = {
				ASSETCATALOG_COMPILER_APPICON_NAME = AppIcon;
				CODE_SIGN_STYLE = Automatic;
				INFOPLIST_FILE = SampleFirebase/Info.plist;
				LD_RUNPATH_SEARCH_PATHS = (
					"$(inherited)",
					"@executable_path/Frameworks",
				);
				PRODUCT_BUNDLE_IDENTIFIER = marina.SampleFirebase;
				PRODUCT_NAME = "$(TARGET_NAME)";
				SWIFT_VERSION = 4.2;
				TARGETED_DEVICE_FAMILY = "1,2";
			};
			name = Release;
		};
		404EA64922005C49006C3FA7 /* Debug */ = {
			isa = XCBuildConfiguration;
			buildSettings = {
				ALWAYS_EMBED_SWIFT_STANDARD_LIBRARIES = YES;
				BUNDLE_LOADER = "$(TEST_HOST)";
				CODE_SIGN_STYLE = Automatic;
				INFOPLIST_FILE = SampleFirebaseTests/Info.plist;
				LD_RUNPATH_SEARCH_PATHS = (
					"$(inherited)",
					"@executable_path/Frameworks",
					"@loader_path/Frameworks",
				);
				PRODUCT_BUNDLE_IDENTIFIER = marina.SampleFirebaseTests;
				PRODUCT_NAME = "$(TARGET_NAME)";
				SWIFT_VERSION = 4.2;
				TARGETED_DEVICE_FAMILY = "1,2";
				TEST_HOST = "$(BUILT_PRODUCTS_DIR)/SampleFirebase.app/SampleFirebase";
			};
			name = Debug;
		};
		404EA64A22005C49006C3FA7 /* Release */ = {
			isa = XCBuildConfiguration;
			buildSettings = {
				ALWAYS_EMBED_SWIFT_STANDARD_LIBRARIES = YES;
				BUNDLE_LOADER = "$(TEST_HOST)";
				CODE_SIGN_STYLE = Automatic;
				INFOPLIST_FILE = SampleFirebaseTests/Info.plist;
				LD_RUNPATH_SEARCH_PATHS = (
					"$(inherited)",
					"@executable_path/Frameworks",
					"@loader_path/Frameworks",
				);
				PRODUCT_BUNDLE_IDENTIFIER = marina.SampleFirebaseTests;
				PRODUCT_NAME = "$(TARGET_NAME)";
				SWIFT_VERSION = 4.2;
				TARGETED_DEVICE_FAMILY = "1,2";
				TEST_HOST = "$(BUILT_PRODUCTS_DIR)/SampleFirebase.app/SampleFirebase";
			};
			name = Release;
		};
		404EA64C22005C49006C3FA7 /* Debug */ = {
			isa = XCBuildConfiguration;
			buildSettings = {
				ALWAYS_EMBED_SWIFT_STANDARD_LIBRARIES = YES;
				CODE_SIGN_STYLE = Automatic;
				INFOPLIST_FILE = SampleFirebaseUITests/Info.plist;
				LD_RUNPATH_SEARCH_PATHS = (
					"$(inherited)",
					"@executable_path/Frameworks",
					"@loader_path/Frameworks",
				);
				PRODUCT_BUNDLE_IDENTIFIER = marina.SampleFirebaseUITests;
				PRODUCT_NAME = "$(TARGET_NAME)";
				SWIFT_VERSION = 4.2;
				TARGETED_DEVICE_FAMILY = "1,2";
				TEST_TARGET_NAME = SampleFirebase;
			};
			name = Debug;
		};
		404EA64D22005C49006C3FA7 /* Release */ = {
			isa = XCBuildConfiguration;
			buildSettings = {
				ALWAYS_EMBED_SWIFT_STANDARD_LIBRARIES = YES;
				CODE_SIGN_STYLE = Automatic;
				INFOPLIST_FILE = SampleFirebaseUITests/Info.plist;
				LD_RUNPATH_SEARCH_PATHS = (
					"$(inherited)",
					"@executable_path/Frameworks",
					"@loader_path/Frameworks",
				);
				PRODUCT_BUNDLE_IDENTIFIER = marina.SampleFirebaseUITests;
				PRODUCT_NAME = "$(TARGET_NAME)";
				SWIFT_VERSION = 4.2;
				TARGETED_DEVICE_FAMILY = "1,2";
				TEST_TARGET_NAME = SampleFirebase;
			};
			name = Release;
		};
/* End XCBuildConfiguration section */

/* Begin XCConfigurationList section */
		404EA61822005C48006C3FA7 /* Build configuration list for PBXProject "SampleFirebase" */ = {
			isa = XCConfigurationList;
			buildConfigurations = (
				404EA64322005C49006C3FA7 /* Debug */,
				404EA64422005C49006C3FA7 /* Release */,
			);
			defaultConfigurationIsVisible = 0;
			defaultConfigurationName = Release;
		};
		404EA64522005C49006C3FA7 /* Build configuration list for PBXNativeTarget "SampleFirebase" */ = {
			isa = XCConfigurationList;
			buildConfigurations = (
				404EA64622005C49006C3FA7 /* Debug */,
				404EA64722005C49006C3FA7 /* Release */,
			);
			defaultConfigurationIsVisible = 0;
			defaultConfigurationName = Release;
		};
		404EA64822005C49006C3FA7 /* Build configuration list for PBXNativeTarget "SampleFirebaseTests" */ = {
			isa = XCConfigurationList;
			buildConfigurations = (
				404EA64922005C49006C3FA7 /* Debug */,
				404EA64A22005C49006C3FA7 /* Release */,
			);
			defaultConfigurationIsVisible = 0;
			defaultConfigurationName = Release;
		};
		404EA64B22005C49006C3FA7 /* Build configuration list for PBXNativeTarget "SampleFirebaseUITests" */ = {
			isa = XCConfigurationList;
			buildConfigurations = (
				404EA64C22005C49006C3FA7 /* Debug */,
				404EA64D22005C49006C3FA7 /* Release */,
			);
			defaultConfigurationIsVisible = 0;
			defaultConfigurationName = Release;
		};
/* End XCConfigurationList section */
	};
	rootObject = 404EA61522005C48006C3FA7 /* Project object */;
}
